
Microsoft Visual Studio Solution File, Format Version 12.00
# Visual Studio Version 17
VisualStudioVersion = 17.4.33403.182
MinimumVisualStudioVersion = 10.0.40219.1
Project("{9A19103F-16F7-4668-BE54-9A1E7A4F7556}") = "TechnicalTestAPI", "TechnicalTestAPI.csproj", "{826DA3E3-E1AA-48C2-920C-57FC8965604D}"
EndProject
Project("{FAE04EC0-301F-11D3-BF4B-00C04F79EFBC}") = "TechnicalTestAPI.UnitTests", "..\TechnicalTestAPI.UnitTests\TechnicalTestAPI.UnitTests.csproj", "{6A14B9C4-8698-4AE9-8187-3895D42268F4}"
EndProject
Global
	GlobalSection(SolutionConfigurationPlatforms) = preSolution
		Debug|Any CPU = Debug|Any CPU
		Release|Any CPU = Release|Any CPU
	EndGlobalSection
	GlobalSection(ProjectConfigurationPlatforms) = postSolution
		{826DA3E3-E1AA-48C2-920C-57FC8965604D}.Debug|Any CPU.ActiveCfg = Debug|Any CPU
		{826DA3E3-E1AA-48C2-920C-57FC8965604D}.Debug|Any CPU.Build.0 = Debug|Any CPU
		{826DA3E3-E1AA-48C2-920C-57FC8965604D}.Release|Any CPU.ActiveCfg = Release|Any CPU
		{826DA3E3-E1AA-48C2-920C-57FC8965604D}.Release|Any CPU.Build.0 = Release|Any CPU
		{6A14B9C4-8698-4AE9-8187-3895D42268F4}.Debug|Any CPU.ActiveCfg = Debug|Any CPU
		{6A14B9C4-8698-4AE9-8187-3895D42268F4}.Debug|Any CPU.Build.0 = Debug|Any CPU
		{6A14B9C4-8698-4AE9-8187-3895D42268F4}.Release|Any CPU.ActiveCfg = Release|Any CPU
		{6A14B9C4-8698-4AE9-8187-3895D42268F4}.Release|Any CPU.Build.0 = Release|Any CPU
	EndGlobalSection
	GlobalSection(SolutionProperties) = preSolution
		HideSolutionNode = FALSE
	EndGlobalSection
	GlobalSection(ExtensibilityGlobals) = postSolution
		SolutionGuid = {967E860A-1592-4E45-9D85-5514DFD7ED82}
	EndGlobalSection
EndGlobal
